
Microsoft Visual Studio Solution File, Format Version 12.00
# Visual Studio Version 17
VisualStudioVersion = 17.11.35303.130
MinimumVisualStudioVersion = 10.0.40219.1
Project("{2150E333-8FDC-42A3-9474-1A3956D46DE8}") = "UI", "UI", "{1F366EBE-7454-4183-A677-757D07B8B176}"
EndProject
Project("{2150E333-8FDC-42A3-9474-1A3956D46DE8}") = "Application", "Application", "{EDC4A0A5-F7D1-4F2E-9C86-EF2CE5CB8203}"
EndProject
Project("{2150E333-8FDC-42A3-9474-1A3956D46DE8}") = "Infraestrucutre", "Infraestrucutre", "{9419720C-491F-45AC-8DC7-8B2C86251CD1}"
EndProject
Project("{2150E333-8FDC-42A3-9474-1A3956D46DE8}") = "Domain", "Domain", "{62B06390-E791-4B07-803D-F6D97412D1E6}"
EndProject
Project("{2150E333-8FDC-42A3-9474-1A3956D46DE8}") = "src", "src", "{51387F15-2F2B-4B0A-B98E-24081DD03564}"
EndProject
Project("{9A19103F-16F7-4668-BE54-9A1E7A4F7556}") = "WebApp", "src\WebApp\WebApp.csproj", "{252D9192-1E88-4DBC-8E75-52F69184AB1E}"
EndProject
Project("{9A19103F-16F7-4668-BE54-9A1E7A4F7556}") = "Wayni.Application.Interfaces", "src\Wayni.Application.Interfaces\Wayni.Application.Interfaces.csproj", "{B139AD8B-4898-4194-A5AE-E26D36DA6CB7}"
EndProject
Project("{9A19103F-16F7-4668-BE54-9A1E7A4F7556}") = "Wayni.Application.Services", "src\Wayni.Application.Services\Wayni.Application.Services.csproj", "{9E5FA6CE-38D6-4FB1-92E1-9BA198DC6CD5}"
EndProject
Project("{9A19103F-16F7-4668-BE54-9A1E7A4F7556}") = "Wayni.Application.Models", "src\Wayni.Application.Models\Wayni.Application.Models.csproj", "{7732F12B-7AF4-444C-B612-73F00762E99F}"
EndProject
Project("{9A19103F-16F7-4668-BE54-9A1E7A4F7556}") = "Wayni.Domain", "src\Wayni.Domain\Wayni.Domain.csproj", "{1D9C7F4C-69B9-4E2E-B13D-260BD530571A}"
EndProject
Project("{2150E333-8FDC-42A3-9474-1A3956D46DE8}") = "Shared", "Shared", "{48A5B89D-6819-43A4-971A-235AFFA3074B}"
EndProject
Project("{9A19103F-16F7-4668-BE54-9A1E7A4F7556}") = "Wayni.Shared.Common", "src\Wayni.Shared.Common\Wayni.Shared.Common.csproj", "{0A820148-AF09-411A-B50A-A72BA019C2A9}"
EndProject
Project("{FAE04EC0-301F-11D3-BF4B-00C04F79EFBC}") = "Wayni.Infraestructure", "src\Wayni.Infraestructure\Wayni.Infraestructure.csproj", "{F5E3645B-54B1-4802-93AE-1DF76E48E2BC}"
EndProject
Global
	GlobalSection(SolutionConfigurationPlatforms) = preSolution
		Debug|Any CPU = Debug|Any CPU
		Release|Any CPU = Release|Any CPU
	EndGlobalSection
	GlobalSection(ProjectConfigurationPlatforms) = postSolution
		{252D9192-1E88-4DBC-8E75-52F69184AB1E}.Debug|Any CPU.ActiveCfg = Debug|Any CPU
		{252D9192-1E88-4DBC-8E75-52F69184AB1E}.Debug|Any CPU.Build.0 = Debug|Any CPU
		{252D9192-1E88-4DBC-8E75-52F69184AB1E}.Release|Any CPU.ActiveCfg = Release|Any CPU
		{252D9192-1E88-4DBC-8E75-52F69184AB1E}.Release|Any CPU.Build.0 = Release|Any CPU
		{B139AD8B-4898-4194-A5AE-E26D36DA6CB7}.Debug|Any CPU.ActiveCfg = Debug|Any CPU
		{B139AD8B-4898-4194-A5AE-E26D36DA6CB7}.Debug|Any CPU.Build.0 = Debug|Any CPU
		{B139AD8B-4898-4194-A5AE-E26D36DA6CB7}.Release|Any CPU.ActiveCfg = Release|Any CPU
		{B139AD8B-4898-4194-A5AE-E26D36DA6CB7}.Release|Any CPU.Build.0 = Release|Any CPU
		{9E5FA6CE-38D6-4FB1-92E1-9BA198DC6CD5}.Debug|Any CPU.ActiveCfg = Debug|Any CPU
		{9E5FA6CE-38D6-4FB1-92E1-9BA198DC6CD5}.Debug|Any CPU.Build.0 = Debug|Any CPU
		{9E5FA6CE-38D6-4FB1-92E1-9BA198DC6CD5}.Release|Any CPU.ActiveCfg = Release|Any CPU
		{9E5FA6CE-38D6-4FB1-92E1-9BA198DC6CD5}.Release|Any CPU.Build.0 = Release|Any CPU
		{7732F12B-7AF4-444C-B612-73F00762E99F}.Debug|Any CPU.ActiveCfg = Debug|Any CPU
		{7732F12B-7AF4-444C-B612-73F00762E99F}.Debug|Any CPU.Build.0 = Debug|Any CPU
		{7732F12B-7AF4-444C-B612-73F00762E99F}.Release|Any CPU.ActiveCfg = Release|Any CPU
		{7732F12B-7AF4-444C-B612-73F00762E99F}.Release|Any CPU.Build.0 = Release|Any CPU
		{1D9C7F4C-69B9-4E2E-B13D-260BD530571A}.Debug|Any CPU.ActiveCfg = Debug|Any CPU
		{1D9C7F4C-69B9-4E2E-B13D-260BD530571A}.Debug|Any CPU.Build.0 = Debug|Any CPU
		{1D9C7F4C-69B9-4E2E-B13D-260BD530571A}.Release|Any CPU.ActiveCfg = Release|Any CPU
		{1D9C7F4C-69B9-4E2E-B13D-260BD530571A}.Release|Any CPU.Build.0 = Release|Any CPU
		{0A820148-AF09-411A-B50A-A72BA019C2A9}.Debug|Any CPU.ActiveCfg = Debug|Any CPU
		{0A820148-AF09-411A-B50A-A72BA019C2A9}.Debug|Any CPU.Build.0 = Debug|Any CPU
		{0A820148-AF09-411A-B50A-A72BA019C2A9}.Release|Any CPU.ActiveCfg = Release|Any CPU
		{0A820148-AF09-411A-B50A-A72BA019C2A9}.Release|Any CPU.Build.0 = Release|Any CPU
		{F5E3645B-54B1-4802-93AE-1DF76E48E2BC}.Debug|Any CPU.ActiveCfg = Debug|Any CPU
		{F5E3645B-54B1-4802-93AE-1DF76E48E2BC}.Debug|Any CPU.Build.0 = Debug|Any CPU
		{F5E3645B-54B1-4802-93AE-1DF76E48E2BC}.Release|Any CPU.ActiveCfg = Release|Any CPU
		{F5E3645B-54B1-4802-93AE-1DF76E48E2BC}.Release|Any CPU.Build.0 = Release|Any CPU
	EndGlobalSection
	GlobalSection(SolutionProperties) = preSolution
		HideSolutionNode = FALSE
	EndGlobalSection
	GlobalSection(NestedProjects) = preSolution
		{EDC4A0A5-F7D1-4F2E-9C86-EF2CE5CB8203} = {51387F15-2F2B-4B0A-B98E-24081DD03564}
		{9419720C-491F-45AC-8DC7-8B2C86251CD1} = {51387F15-2F2B-4B0A-B98E-24081DD03564}
		{62B06390-E791-4B07-803D-F6D97412D1E6} = {51387F15-2F2B-4B0A-B98E-24081DD03564}
		{252D9192-1E88-4DBC-8E75-52F69184AB1E} = {1F366EBE-7454-4183-A677-757D07B8B176}
		{B139AD8B-4898-4194-A5AE-E26D36DA6CB7} = {EDC4A0A5-F7D1-4F2E-9C86-EF2CE5CB8203}
		{9E5FA6CE-38D6-4FB1-92E1-9BA198DC6CD5} = {EDC4A0A5-F7D1-4F2E-9C86-EF2CE5CB8203}
		{7732F12B-7AF4-444C-B612-73F00762E99F} = {EDC4A0A5-F7D1-4F2E-9C86-EF2CE5CB8203}
		{1D9C7F4C-69B9-4E2E-B13D-260BD530571A} = {62B06390-E791-4B07-803D-F6D97412D1E6}
		{48A5B89D-6819-43A4-971A-235AFFA3074B} = {51387F15-2F2B-4B0A-B98E-24081DD03564}
		{0A820148-AF09-411A-B50A-A72BA019C2A9} = {48A5B89D-6819-43A4-971A-235AFFA3074B}
		{F5E3645B-54B1-4802-93AE-1DF76E48E2BC} = {9419720C-491F-45AC-8DC7-8B2C86251CD1}
	EndGlobalSection
	GlobalSection(ExtensibilityGlobals) = postSolution
		SolutionGuid = {43D250A6-DC18-4BF7-9B45-5702FB41ACCD}
	EndGlobalSection
EndGlobal
